
Microsoft Visual Studio Solution File, Format Version 12.00
# Visual Studio Version 17
VisualStudioVersion = 17.3.32811.315
MinimumVisualStudioVersion = 10.0.40219.1
Project("{FAE04EC0-301F-11D3-BF4B-00C04F79EFBC}") = "DateTimeTimeSpanSvar", "DateTimeTimeSpanSvar\DateTimeTimeSpanSvar.csproj", "{714587C8-2E20-4904-8AFE-CB949262B91A}"
EndProject
Global
	GlobalSection(SolutionConfigurationPlatforms) = preSolution
		Debug|Any CPU = Debug|Any CPU
		Release|Any CPU = Release|Any CPU
	EndGlobalSection
	GlobalSection(ProjectConfigurationPlatforms) = postSolution
		{714587C8-2E20-4904-8AFE-CB949262B91A}.Debug|Any CPU.ActiveCfg = Debug|Any CPU
		{714587C8-2E20-4904-8AFE-CB949262B91A}.Debug|Any CPU.Build.0 = Debug|Any CPU
		{714587C8-2E20-4904-8AFE-CB949262B91A}.Release|Any CPU.ActiveCfg = Release|Any CPU
		{714587C8-2E20-4904-8AFE-CB949262B91A}.Release|Any CPU.Build.0 = Release|Any CPU
	EndGlobalSection
	GlobalSection(SolutionProperties) = preSolution
		HideSolutionNode = FALSE
	EndGlobalSection
	GlobalSection(ExtensibilityGlobals) = postSolution
		SolutionGuid = {C108F920-B27B-4564-BD51-3DF9D5CDF21C}
	EndGlobalSection
EndGlobal
